
Microsoft Visual Studio Solution File, Format Version 12.00
# Visual Studio Version 16
VisualStudioVersion = 16.0.33027.164
MinimumVisualStudioVersion = 10.0.40219.1
Project("{FAE04EC0-301F-11D3-BF4B-00C04F79EFBC}") = "BDD_KnabUIAndAPI", "BDD_KnabUIAndAPI\BDD_KnabUIAndAPI.csproj", "{C5A16BB8-AD19-4F87-903F-5F2161EC44E0}"
EndProject
Global
	GlobalSection(SolutionConfigurationPlatforms) = preSolution
		Debug|Any CPU = Debug|Any CPU
		Release|Any CPU = Release|Any CPU
	EndGlobalSection
	GlobalSection(ProjectConfigurationPlatforms) = postSolution
		{C5A16BB8-AD19-4F87-903F-5F2161EC44E0}.Debug|Any CPU.ActiveCfg = Debug|Any CPU
		{C5A16BB8-AD19-4F87-903F-5F2161EC44E0}.Debug|Any CPU.Build.0 = Debug|Any CPU
		{C5A16BB8-AD19-4F87-903F-5F2161EC44E0}.Release|Any CPU.ActiveCfg = Release|Any CPU
		{C5A16BB8-AD19-4F87-903F-5F2161EC44E0}.Release|Any CPU.Build.0 = Release|Any CPU
	EndGlobalSection
	GlobalSection(SolutionProperties) = preSolution
		HideSolutionNode = FALSE
	EndGlobalSection
	GlobalSection(ExtensibilityGlobals) = postSolution
		SolutionGuid = {7C7570E1-DC33-4887-B80D-3729F0501DDC}
	EndGlobalSection
EndGlobal
